
Microsoft Visual Studio Solution File, Format Version 12.00
# Visual Studio Version 16
VisualStudioVersion = 16.0.31005.135
MinimumVisualStudioVersion = 10.0.40219.1
Project("{2150E333-8FDC-42A3-9474-1A3956D46DE8}") = "src", "src", "{88D744F7-6A09-435E-90BD-C88DECD666B5}"
EndProject
Project("{2150E333-8FDC-42A3-9474-1A3956D46DE8}") = "Core", "Core", "{7F8472F4-3F31-4DC1-8AFB-C4FBBFC8863D}"
EndProject
Project("{2150E333-8FDC-42A3-9474-1A3956D46DE8}") = "Infraestructure", "Infraestructure", "{C57AEE76-C205-432E-8F29-DABA8F2638FB}"
EndProject
Project("{2150E333-8FDC-42A3-9474-1A3956D46DE8}") = "Presentation", "Presentation", "{99E1B0E8-AE81-431C-B642-652A933B47B9}"
EndProject
Project("{9A19103F-16F7-4668-BE54-9A1E7A4F7556}") = "Application", "Application\Application.csproj", "{A2495089-0EAF-4229-AD41-C98B86B3B2A3}"
EndProject
Project("{9A19103F-16F7-4668-BE54-9A1E7A4F7556}") = "Domain", "Domain\Domain.csproj", "{241D81B3-A420-4B0F-ABC0-CB8DA60681E1}"
EndProject
Project("{9A19103F-16F7-4668-BE54-9A1E7A4F7556}") = "Persistence", "Persistence\Persistence.csproj", "{59CF8F02-7337-4947-830B-5A5A24BF6CBE}"
EndProject
Project("{9A19103F-16F7-4668-BE54-9A1E7A4F7556}") = "Shared", "Shared\Shared.csproj", "{E4752877-9CFD-4832-A94E-8F19417CB146}"
EndProject
Project("{9A19103F-16F7-4668-BE54-9A1E7A4F7556}") = "WebAPI", "WebAPI\WebAPI.csproj", "{1375E17C-D18F-4BD7-8BF1-165F40133522}"
EndProject
Project("{FAE04EC0-301F-11D3-BF4B-00C04F79EFBC}") = "Identity", "Identity\Identity.csproj", "{CC9E83D0-90A7-4FB4-A98A-4806CB5DE005}"
EndProject
Global
	GlobalSection(SolutionConfigurationPlatforms) = preSolution
		Debug|Any CPU = Debug|Any CPU
		Release|Any CPU = Release|Any CPU
	EndGlobalSection
	GlobalSection(ProjectConfigurationPlatforms) = postSolution
		{A2495089-0EAF-4229-AD41-C98B86B3B2A3}.Debug|Any CPU.ActiveCfg = Debug|Any CPU
		{A2495089-0EAF-4229-AD41-C98B86B3B2A3}.Debug|Any CPU.Build.0 = Debug|Any CPU
		{A2495089-0EAF-4229-AD41-C98B86B3B2A3}.Release|Any CPU.ActiveCfg = Release|Any CPU
		{A2495089-0EAF-4229-AD41-C98B86B3B2A3}.Release|Any CPU.Build.0 = Release|Any CPU
		{241D81B3-A420-4B0F-ABC0-CB8DA60681E1}.Debug|Any CPU.ActiveCfg = Debug|Any CPU
		{241D81B3-A420-4B0F-ABC0-CB8DA60681E1}.Debug|Any CPU.Build.0 = Debug|Any CPU
		{241D81B3-A420-4B0F-ABC0-CB8DA60681E1}.Release|Any CPU.ActiveCfg = Release|Any CPU
		{241D81B3-A420-4B0F-ABC0-CB8DA60681E1}.Release|Any CPU.Build.0 = Release|Any CPU
		{59CF8F02-7337-4947-830B-5A5A24BF6CBE}.Debug|Any CPU.ActiveCfg = Debug|Any CPU
		{59CF8F02-7337-4947-830B-5A5A24BF6CBE}.Debug|Any CPU.Build.0 = Debug|Any CPU
		{59CF8F02-7337-4947-830B-5A5A24BF6CBE}.Release|Any CPU.ActiveCfg = Release|Any CPU
		{59CF8F02-7337-4947-830B-5A5A24BF6CBE}.Release|Any CPU.Build.0 = Release|Any CPU
		{E4752877-9CFD-4832-A94E-8F19417CB146}.Debug|Any CPU.ActiveCfg = Debug|Any CPU
		{E4752877-9CFD-4832-A94E-8F19417CB146}.Debug|Any CPU.Build.0 = Debug|Any CPU
		{E4752877-9CFD-4832-A94E-8F19417CB146}.Release|Any CPU.ActiveCfg = Release|Any CPU
		{E4752877-9CFD-4832-A94E-8F19417CB146}.Release|Any CPU.Build.0 = Release|Any CPU
		{1375E17C-D18F-4BD7-8BF1-165F40133522}.Debug|Any CPU.ActiveCfg = Debug|Any CPU
		{1375E17C-D18F-4BD7-8BF1-165F40133522}.Debug|Any CPU.Build.0 = Debug|Any CPU
		{1375E17C-D18F-4BD7-8BF1-165F40133522}.Release|Any CPU.ActiveCfg = Release|Any CPU
		{1375E17C-D18F-4BD7-8BF1-165F40133522}.Release|Any CPU.Build.0 = Release|Any CPU
		{CC9E83D0-90A7-4FB4-A98A-4806CB5DE005}.Debug|Any CPU.ActiveCfg = Debug|Any CPU
		{CC9E83D0-90A7-4FB4-A98A-4806CB5DE005}.Debug|Any CPU.Build.0 = Debug|Any CPU
		{CC9E83D0-90A7-4FB4-A98A-4806CB5DE005}.Release|Any CPU.ActiveCfg = Release|Any CPU
		{CC9E83D0-90A7-4FB4-A98A-4806CB5DE005}.Release|Any CPU.Build.0 = Release|Any CPU
	EndGlobalSection
	GlobalSection(SolutionProperties) = preSolution
		HideSolutionNode = FALSE
	EndGlobalSection
	GlobalSection(NestedProjects) = preSolution
		{7F8472F4-3F31-4DC1-8AFB-C4FBBFC8863D} = {88D744F7-6A09-435E-90BD-C88DECD666B5}
		{C57AEE76-C205-432E-8F29-DABA8F2638FB} = {88D744F7-6A09-435E-90BD-C88DECD666B5}
		{99E1B0E8-AE81-431C-B642-652A933B47B9} = {88D744F7-6A09-435E-90BD-C88DECD666B5}
		{A2495089-0EAF-4229-AD41-C98B86B3B2A3} = {7F8472F4-3F31-4DC1-8AFB-C4FBBFC8863D}
		{241D81B3-A420-4B0F-ABC0-CB8DA60681E1} = {7F8472F4-3F31-4DC1-8AFB-C4FBBFC8863D}
		{59CF8F02-7337-4947-830B-5A5A24BF6CBE} = {C57AEE76-C205-432E-8F29-DABA8F2638FB}
		{E4752877-9CFD-4832-A94E-8F19417CB146} = {C57AEE76-C205-432E-8F29-DABA8F2638FB}
		{1375E17C-D18F-4BD7-8BF1-165F40133522} = {99E1B0E8-AE81-431C-B642-652A933B47B9}
		{CC9E83D0-90A7-4FB4-A98A-4806CB5DE005} = {C57AEE76-C205-432E-8F29-DABA8F2638FB}
	EndGlobalSection
	GlobalSection(ExtensibilityGlobals) = postSolution
		SolutionGuid = {82795FA8-66C8-4364-9551-226082E416CA}
	EndGlobalSection
EndGlobal
